
Microsoft Visual Studio Solution File, Format Version 12.00
# Visual Studio Version 17
VisualStudioVersion = 17.12.35707.178 d17.12
MinimumVisualStudioVersion = 10.0.40219.1
Project("{FAE04EC0-301F-11D3-BF4B-00C04F79EFBC}") = "dsds", "dsds\dsds.csproj", "{3AF563F2-35C3-4DD0-8443-149C1C05A65C}"
EndProject
Global
	GlobalSection(SolutionConfigurationPlatforms) = preSolution
		Debug|Any CPU = Debug|Any CPU
		Release|Any CPU = Release|Any CPU
	EndGlobalSection
	GlobalSection(ProjectConfigurationPlatforms) = postSolution
		{3AF563F2-35C3-4DD0-8443-149C1C05A65C}.Debug|Any CPU.ActiveCfg = Debug|Any CPU
		{3AF563F2-35C3-4DD0-8443-149C1C05A65C}.Debug|Any CPU.Build.0 = Debug|Any CPU
		{3AF563F2-35C3-4DD0-8443-149C1C05A65C}.Release|Any CPU.ActiveCfg = Release|Any CPU
		{3AF563F2-35C3-4DD0-8443-149C1C05A65C}.Release|Any CPU.Build.0 = Release|Any CPU
	EndGlobalSection
	GlobalSection(SolutionProperties) = preSolution
		HideSolutionNode = FALSE
	EndGlobalSection
EndGlobal
